
Microsoft Visual Studio Solution File, Format Version 12.00
# Visual Studio 14
VisualStudioVersion = 14.0.25420.1
MinimumVisualStudioVersion = 10.0.40219.1
Project("{FAE04EC0-301F-11D3-BF4B-00C04F79EFBC}") = "XSLT45", "XSLT45\XSLT45.csproj", "{B3E90CC7-889A-44BC-A708-8523C682329C}"
EndProject
Project("{FAE04EC0-301F-11D3-BF4B-00C04F79EFBC}") = "DocumentFormat.OpenXml", "DocumentFormat.OpenXml\DocumentFormat.OpenXml.csproj", "{860AC5EF-27CE-4037-B72A-A5189C6E3F9F}"
EndProject
Project("{FAE04EC0-301F-11D3-BF4B-00C04F79EFBC}") = "Dom", "XSLT\Dom.csproj", "{5D4EE1EE-D63E-4CD8-B54A-09DFA9E962D4}"
EndProject
Project("{FAE04EC0-301F-11D3-BF4B-00C04F79EFBC}") = "FastColoredTextBox", "..\..\..\..\_CS\HTML\FastColoredTextBox-master\FastColoredTextBox\FastColoredTextBox.csproj", "{6DD14A85-CCFC-4774-BD26-0F5772512319}"
EndProject
Global
	GlobalSection(SolutionConfigurationPlatforms) = preSolution
		Debug_Linux|Any CPU = Debug_Linux|Any CPU
		Debug_Linux|x86 = Debug_Linux|x86
		Debug_Ubuntu|Any CPU = Debug_Ubuntu|Any CPU
		Debug_Ubuntu|x86 = Debug_Ubuntu|x86
		Debug_Windows|Any CPU = Debug_Windows|Any CPU
		Debug_Windows|x86 = Debug_Windows|x86
		Debug|Any CPU = Debug|Any CPU
		Debug|x86 = Debug|x86
		Release_Linux|Any CPU = Release_Linux|Any CPU
		Release_Linux|x86 = Release_Linux|x86
		Release_Ubuntu|Any CPU = Release_Ubuntu|Any CPU
		Release_Ubuntu|x86 = Release_Ubuntu|x86
		Release_Windows|Any CPU = Release_Windows|Any CPU
		Release_Windows|x86 = Release_Windows|x86
		Release|Any CPU = Release|Any CPU
		Release|x86 = Release|x86
	EndGlobalSection
	GlobalSection(ProjectConfigurationPlatforms) = postSolution
		{B3E90CC7-889A-44BC-A708-8523C682329C}.Debug_Linux|Any CPU.ActiveCfg = Debug|Any CPU
		{B3E90CC7-889A-44BC-A708-8523C682329C}.Debug_Linux|Any CPU.Build.0 = Debug|Any CPU
		{B3E90CC7-889A-44BC-A708-8523C682329C}.Debug_Linux|x86.ActiveCfg = Debug|Any CPU
		{B3E90CC7-889A-44BC-A708-8523C682329C}.Debug_Linux|x86.Build.0 = Debug|Any CPU
		{B3E90CC7-889A-44BC-A708-8523C682329C}.Debug_Ubuntu|Any CPU.ActiveCfg = Debug|Any CPU
		{B3E90CC7-889A-44BC-A708-8523C682329C}.Debug_Ubuntu|Any CPU.Build.0 = Debug|Any CPU
		{B3E90CC7-889A-44BC-A708-8523C682329C}.Debug_Ubuntu|x86.ActiveCfg = Debug|Any CPU
		{B3E90CC7-889A-44BC-A708-8523C682329C}.Debug_Ubuntu|x86.Build.0 = Debug|Any CPU
		{B3E90CC7-889A-44BC-A708-8523C682329C}.Debug_Windows|Any CPU.ActiveCfg = Debug|Any CPU
		{B3E90CC7-889A-44BC-A708-8523C682329C}.Debug_Windows|Any CPU.Build.0 = Debug|Any CPU
		{B3E90CC7-889A-44BC-A708-8523C682329C}.Debug_Windows|x86.ActiveCfg = Debug|Any CPU
		{B3E90CC7-889A-44BC-A708-8523C682329C}.Debug_Windows|x86.Build.0 = Debug|Any CPU
		{B3E90CC7-889A-44BC-A708-8523C682329C}.Debug|Any CPU.ActiveCfg = Debug|Any CPU
		{B3E90CC7-889A-44BC-A708-8523C682329C}.Debug|Any CPU.Build.0 = Debug|Any CPU
		{B3E90CC7-889A-44BC-A708-8523C682329C}.Debug|x86.ActiveCfg = Debug|Any CPU
		{B3E90CC7-889A-44BC-A708-8523C682329C}.Debug|x86.Build.0 = Debug|Any CPU
		{B3E90CC7-889A-44BC-A708-8523C682329C}.Release_Linux|Any CPU.ActiveCfg = Release|Any CPU
		{B3E90CC7-889A-44BC-A708-8523C682329C}.Release_Linux|Any CPU.Build.0 = Release|Any CPU
		{B3E90CC7-889A-44BC-A708-8523C682329C}.Release_Linux|x86.ActiveCfg = Release|Any CPU
		{B3E90CC7-889A-44BC-A708-8523C682329C}.Release_Linux|x86.Build.0 = Release|Any CPU
		{B3E90CC7-889A-44BC-A708-8523C682329C}.Release_Ubuntu|Any CPU.ActiveCfg = Release|Any CPU
		{B3E90CC7-889A-44BC-A708-8523C682329C}.Release_Ubuntu|Any CPU.Build.0 = Release|Any CPU
		{B3E90CC7-889A-44BC-A708-8523C682329C}.Release_Ubuntu|x86.ActiveCfg = Release|Any CPU
		{B3E90CC7-889A-44BC-A708-8523C682329C}.Release_Ubuntu|x86.Build.0 = Release|Any CPU
		{B3E90CC7-889A-44BC-A708-8523C682329C}.Release_Windows|Any CPU.ActiveCfg = Release|Any CPU
		{B3E90CC7-889A-44BC-A708-8523C682329C}.Release_Windows|Any CPU.Build.0 = Release|Any CPU
		{B3E90CC7-889A-44BC-A708-8523C682329C}.Release_Windows|x86.ActiveCfg = Release|Any CPU
		{B3E90CC7-889A-44BC-A708-8523C682329C}.Release_Windows|x86.Build.0 = Release|Any CPU
		{B3E90CC7-889A-44BC-A708-8523C682329C}.Release|Any CPU.ActiveCfg = Release|Any CPU
		{B3E90CC7-889A-44BC-A708-8523C682329C}.Release|Any CPU.Build.0 = Release|Any CPU
		{B3E90CC7-889A-44BC-A708-8523C682329C}.Release|x86.ActiveCfg = Release|Any CPU
		{B3E90CC7-889A-44BC-A708-8523C682329C}.Release|x86.Build.0 = Release|Any CPU
		{860AC5EF-27CE-4037-B72A-A5189C6E3F9F}.Debug_Linux|Any CPU.ActiveCfg = Debug|Any CPU
		{860AC5EF-27CE-4037-B72A-A5189C6E3F9F}.Debug_Linux|Any CPU.Build.0 = Debug|Any CPU
		{860AC5EF-27CE-4037-B72A-A5189C6E3F9F}.Debug_Linux|x86.ActiveCfg = Debug|Any CPU
		{860AC5EF-27CE-4037-B72A-A5189C6E3F9F}.Debug_Linux|x86.Build.0 = Debug|Any CPU
		{860AC5EF-27CE-4037-B72A-A5189C6E3F9F}.Debug_Ubuntu|Any CPU.ActiveCfg = Debug|Any CPU
		{860AC5EF-27CE-4037-B72A-A5189C6E3F9F}.Debug_Ubuntu|Any CPU.Build.0 = Debug|Any CPU
		{860AC5EF-27CE-4037-B72A-A5189C6E3F9F}.Debug_Ubuntu|x86.ActiveCfg = Debug|Any CPU
		{860AC5EF-27CE-4037-B72A-A5189C6E3F9F}.Debug_Ubuntu|x86.Build.0 = Debug|Any CPU
		{860AC5EF-27CE-4037-B72A-A5189C6E3F9F}.Debug_Windows|Any CPU.ActiveCfg = Debug|Any CPU
		{860AC5EF-27CE-4037-B72A-A5189C6E3F9F}.Debug_Windows|Any CPU.Build.0 = Debug|Any CPU
		{860AC5EF-27CE-4037-B72A-A5189C6E3F9F}.Debug_Windows|x86.ActiveCfg = Debug|Any CPU
		{860AC5EF-27CE-4037-B72A-A5189C6E3F9F}.Debug_Windows|x86.Build.0 = Debug|Any CPU
		{860AC5EF-27CE-4037-B72A-A5189C6E3F9F}.Debug|Any CPU.ActiveCfg = Debug|Any CPU
		{860AC5EF-27CE-4037-B72A-A5189C6E3F9F}.Debug|Any CPU.Build.0 = Debug|Any CPU
		{860AC5EF-27CE-4037-B72A-A5189C6E3F9F}.Debug|x86.ActiveCfg = Debug|Any CPU
		{860AC5EF-27CE-4037-B72A-A5189C6E3F9F}.Debug|x86.Build.0 = Debug|Any CPU
		{860AC5EF-27CE-4037-B72A-A5189C6E3F9F}.Release_Linux|Any CPU.ActiveCfg = Release|Any CPU
		{860AC5EF-27CE-4037-B72A-A5189C6E3F9F}.Release_Linux|Any CPU.Build.0 = Release|Any CPU
		{860AC5EF-27CE-4037-B72A-A5189C6E3F9F}.Release_Linux|x86.ActiveCfg = Release|Any CPU
		{860AC5EF-27CE-4037-B72A-A5189C6E3F9F}.Release_Linux|x86.Build.0 = Release|Any CPU
		{860AC5EF-27CE-4037-B72A-A5189C6E3F9F}.Release_Ubuntu|Any CPU.ActiveCfg = Release|Any CPU
		{860AC5EF-27CE-4037-B72A-A5189C6E3F9F}.Release_Ubuntu|Any CPU.Build.0 = Release|Any CPU
		{860AC5EF-27CE-4037-B72A-A5189C6E3F9F}.Release_Ubuntu|x86.ActiveCfg = Release|Any CPU
		{860AC5EF-27CE-4037-B72A-A5189C6E3F9F}.Release_Ubuntu|x86.Build.0 = Release|Any CPU
		{860AC5EF-27CE-4037-B72A-A5189C6E3F9F}.Release_Windows|Any CPU.ActiveCfg = Release|Any CPU
		{860AC5EF-27CE-4037-B72A-A5189C6E3F9F}.Release_Windows|Any CPU.Build.0 = Release|Any CPU
		{860AC5EF-27CE-4037-B72A-A5189C6E3F9F}.Release_Windows|x86.ActiveCfg = Release|Any CPU
		{860AC5EF-27CE-4037-B72A-A5189C6E3F9F}.Release_Windows|x86.Build.0 = Release|Any CPU
		{860AC5EF-27CE-4037-B72A-A5189C6E3F9F}.Release|Any CPU.ActiveCfg = Release|Any CPU
		{860AC5EF-27CE-4037-B72A-A5189C6E3F9F}.Release|Any CPU.Build.0 = Release|Any CPU
		{860AC5EF-27CE-4037-B72A-A5189C6E3F9F}.Release|x86.ActiveCfg = Release|Any CPU
		{860AC5EF-27CE-4037-B72A-A5189C6E3F9F}.Release|x86.Build.0 = Release|Any CPU
		{5D4EE1EE-D63E-4CD8-B54A-09DFA9E962D4}.Debug_Linux|Any CPU.ActiveCfg = Debug|Any CPU
		{5D4EE1EE-D63E-4CD8-B54A-09DFA9E962D4}.Debug_Linux|Any CPU.Build.0 = Debug|Any CPU
		{5D4EE1EE-D63E-4CD8-B54A-09DFA9E962D4}.Debug_Linux|x86.ActiveCfg = Debug|Any CPU
		{5D4EE1EE-D63E-4CD8-B54A-09DFA9E962D4}.Debug_Linux|x86.Build.0 = Debug|Any CPU
		{5D4EE1EE-D63E-4CD8-B54A-09DFA9E962D4}.Debug_Ubuntu|Any CPU.ActiveCfg = Debug|Any CPU
		{5D4EE1EE-D63E-4CD8-B54A-09DFA9E962D4}.Debug_Ubuntu|Any CPU.Build.0 = Debug|Any CPU
		{5D4EE1EE-D63E-4CD8-B54A-09DFA9E962D4}.Debug_Ubuntu|x86.ActiveCfg = Debug|Any CPU
		{5D4EE1EE-D63E-4CD8-B54A-09DFA9E962D4}.Debug_Ubuntu|x86.Build.0 = Debug|Any CPU
		{5D4EE1EE-D63E-4CD8-B54A-09DFA9E962D4}.Debug_Windows|Any CPU.ActiveCfg = Debug|Any CPU
		{5D4EE1EE-D63E-4CD8-B54A-09DFA9E962D4}.Debug_Windows|Any CPU.Build.0 = Debug|Any CPU
		{5D4EE1EE-D63E-4CD8-B54A-09DFA9E962D4}.Debug_Windows|x86.ActiveCfg = Debug|Any CPU
		{5D4EE1EE-D63E-4CD8-B54A-09DFA9E962D4}.Debug_Windows|x86.Build.0 = Debug|Any CPU
		{5D4EE1EE-D63E-4CD8-B54A-09DFA9E962D4}.Debug|Any CPU.ActiveCfg = Debug|Any CPU
		{5D4EE1EE-D63E-4CD8-B54A-09DFA9E962D4}.Debug|Any CPU.Build.0 = Debug|Any CPU
		{5D4EE1EE-D63E-4CD8-B54A-09DFA9E962D4}.Debug|x86.ActiveCfg = Debug|Any CPU
		{5D4EE1EE-D63E-4CD8-B54A-09DFA9E962D4}.Debug|x86.Build.0 = Debug|Any CPU
		{5D4EE1EE-D63E-4CD8-B54A-09DFA9E962D4}.Release_Linux|Any CPU.ActiveCfg = Release|Any CPU
		{5D4EE1EE-D63E-4CD8-B54A-09DFA9E962D4}.Release_Linux|Any CPU.Build.0 = Release|Any CPU
		{5D4EE1EE-D63E-4CD8-B54A-09DFA9E962D4}.Release_Linux|x86.ActiveCfg = Release|Any CPU
		{5D4EE1EE-D63E-4CD8-B54A-09DFA9E962D4}.Release_Linux|x86.Build.0 = Release|Any CPU
		{5D4EE1EE-D63E-4CD8-B54A-09DFA9E962D4}.Release_Ubuntu|Any CPU.ActiveCfg = Release|Any CPU
		{5D4EE1EE-D63E-4CD8-B54A-09DFA9E962D4}.Release_Ubuntu|Any CPU.Build.0 = Release|Any CPU
		{5D4EE1EE-D63E-4CD8-B54A-09DFA9E962D4}.Release_Ubuntu|x86.ActiveCfg = Release|Any CPU
		{5D4EE1EE-D63E-4CD8-B54A-09DFA9E962D4}.Release_Ubuntu|x86.Build.0 = Release|Any CPU
		{5D4EE1EE-D63E-4CD8-B54A-09DFA9E962D4}.Release_Windows|Any CPU.ActiveCfg = Release|Any CPU
		{5D4EE1EE-D63E-4CD8-B54A-09DFA9E962D4}.Release_Windows|Any CPU.Build.0 = Release|Any CPU
		{5D4EE1EE-D63E-4CD8-B54A-09DFA9E962D4}.Release_Windows|x86.ActiveCfg = Release|Any CPU
		{5D4EE1EE-D63E-4CD8-B54A-09DFA9E962D4}.Release_Windows|x86.Build.0 = Release|Any CPU
		{5D4EE1EE-D63E-4CD8-B54A-09DFA9E962D4}.Release|Any CPU.ActiveCfg = Release|Any CPU
		{5D4EE1EE-D63E-4CD8-B54A-09DFA9E962D4}.Release|Any CPU.Build.0 = Release|Any CPU
		{5D4EE1EE-D63E-4CD8-B54A-09DFA9E962D4}.Release|x86.ActiveCfg = Release|Any CPU
		{5D4EE1EE-D63E-4CD8-B54A-09DFA9E962D4}.Release|x86.Build.0 = Release|Any CPU
		{6DD14A85-CCFC-4774-BD26-0F5772512319}.Debug_Linux|Any CPU.ActiveCfg = Debug|Any CPU
		{6DD14A85-CCFC-4774-BD26-0F5772512319}.Debug_Linux|Any CPU.Build.0 = Debug|Any CPU
		{6DD14A85-CCFC-4774-BD26-0F5772512319}.Debug_Linux|x86.ActiveCfg = Debug|Any CPU
		{6DD14A85-CCFC-4774-BD26-0F5772512319}.Debug_Linux|x86.Build.0 = Debug|Any CPU
		{6DD14A85-CCFC-4774-BD26-0F5772512319}.Debug_Ubuntu|Any CPU.ActiveCfg = Debug|Any CPU
		{6DD14A85-CCFC-4774-BD26-0F5772512319}.Debug_Ubuntu|Any CPU.Build.0 = Debug|Any CPU
		{6DD14A85-CCFC-4774-BD26-0F5772512319}.Debug_Ubuntu|x86.ActiveCfg = Debug|Any CPU
		{6DD14A85-CCFC-4774-BD26-0F5772512319}.Debug_Ubuntu|x86.Build.0 = Debug|Any CPU
		{6DD14A85-CCFC-4774-BD26-0F5772512319}.Debug_Windows|Any CPU.ActiveCfg = Debug|Any CPU
		{6DD14A85-CCFC-4774-BD26-0F5772512319}.Debug_Windows|Any CPU.Build.0 = Debug|Any CPU
		{6DD14A85-CCFC-4774-BD26-0F5772512319}.Debug_Windows|x86.ActiveCfg = Debug|Any CPU
		{6DD14A85-CCFC-4774-BD26-0F5772512319}.Debug_Windows|x86.Build.0 = Debug|Any CPU
		{6DD14A85-CCFC-4774-BD26-0F5772512319}.Debug|Any CPU.ActiveCfg = Debug|Any CPU
		{6DD14A85-CCFC-4774-BD26-0F5772512319}.Debug|Any CPU.Build.0 = Debug|Any CPU
		{6DD14A85-CCFC-4774-BD26-0F5772512319}.Debug|x86.ActiveCfg = Debug|Any CPU
		{6DD14A85-CCFC-4774-BD26-0F5772512319}.Debug|x86.Build.0 = Debug|Any CPU
		{6DD14A85-CCFC-4774-BD26-0F5772512319}.Release_Linux|Any CPU.ActiveCfg = Release|Any CPU
		{6DD14A85-CCFC-4774-BD26-0F5772512319}.Release_Linux|Any CPU.Build.0 = Release|Any CPU
		{6DD14A85-CCFC-4774-BD26-0F5772512319}.Release_Linux|x86.ActiveCfg = Release|Any CPU
		{6DD14A85-CCFC-4774-BD26-0F5772512319}.Release_Linux|x86.Build.0 = Release|Any CPU
		{6DD14A85-CCFC-4774-BD26-0F5772512319}.Release_Ubuntu|Any CPU.ActiveCfg = Release|Any CPU
		{6DD14A85-CCFC-4774-BD26-0F5772512319}.Release_Ubuntu|Any CPU.Build.0 = Release|Any CPU
		{6DD14A85-CCFC-4774-BD26-0F5772512319}.Release_Ubuntu|x86.ActiveCfg = Release|Any CPU
		{6DD14A85-CCFC-4774-BD26-0F5772512319}.Release_Ubuntu|x86.Build.0 = Release|Any CPU
		{6DD14A85-CCFC-4774-BD26-0F5772512319}.Release_Windows|Any CPU.ActiveCfg = Release|Any CPU
		{6DD14A85-CCFC-4774-BD26-0F5772512319}.Release_Windows|Any CPU.Build.0 = Release|Any CPU
		{6DD14A85-CCFC-4774-BD26-0F5772512319}.Release_Windows|x86.ActiveCfg = Release|Any CPU
		{6DD14A85-CCFC-4774-BD26-0F5772512319}.Release_Windows|x86.Build.0 = Release|Any CPU
		{6DD14A85-CCFC-4774-BD26-0F5772512319}.Release|Any CPU.ActiveCfg = Release|Any CPU
		{6DD14A85-CCFC-4774-BD26-0F5772512319}.Release|Any CPU.Build.0 = Release|Any CPU
		{6DD14A85-CCFC-4774-BD26-0F5772512319}.Release|x86.ActiveCfg = Release|Any CPU
		{6DD14A85-CCFC-4774-BD26-0F5772512319}.Release|x86.Build.0 = Release|Any CPU
	EndGlobalSection
	GlobalSection(SolutionProperties) = preSolution
		HideSolutionNode = FALSE
	EndGlobalSection
EndGlobal
