
Microsoft Visual Studio Solution File, Format Version 12.00
# Visual Studio 2013
VisualStudioVersion = 12.0.21005.1
MinimumVisualStudioVersion = 10.0.40219.1
Project("{FAE04EC0-301F-11D3-BF4B-00C04F79EFBC}") = "PackageExamples", "PackageExamples\PackageExamples.csproj", "{ADB32825-07D0-450D-8420-4FB4B798FFF5}"
EndProject
Project("{FAE04EC0-301F-11D3-BF4B-00C04F79EFBC}") = "NancySignalrRaven", "NancySignalrRaven\NancySignalrRaven.csproj", "{A2C24704-5040-4C84-B5B2-68013B1AF8A5}"
EndProject
Global
	GlobalSection(SolutionConfigurationPlatforms) = preSolution
		Debug|Any CPU = Debug|Any CPU
		Release|Any CPU = Release|Any CPU
	EndGlobalSection
	GlobalSection(ProjectConfigurationPlatforms) = postSolution
		{ADB32825-07D0-450D-8420-4FB4B798FFF5}.Debug|Any CPU.ActiveCfg = Debug|Any CPU
		{ADB32825-07D0-450D-8420-4FB4B798FFF5}.Debug|Any CPU.Build.0 = Debug|Any CPU
		{ADB32825-07D0-450D-8420-4FB4B798FFF5}.Release|Any CPU.ActiveCfg = Release|Any CPU
		{ADB32825-07D0-450D-8420-4FB4B798FFF5}.Release|Any CPU.Build.0 = Release|Any CPU
		{A2C24704-5040-4C84-B5B2-68013B1AF8A5}.Debug|Any CPU.ActiveCfg = Debug|Any CPU
		{A2C24704-5040-4C84-B5B2-68013B1AF8A5}.Debug|Any CPU.Build.0 = Debug|Any CPU
		{A2C24704-5040-4C84-B5B2-68013B1AF8A5}.Release|Any CPU.ActiveCfg = Release|Any CPU
		{A2C24704-5040-4C84-B5B2-68013B1AF8A5}.Release|Any CPU.Build.0 = Release|Any CPU
	EndGlobalSection
	GlobalSection(SolutionProperties) = preSolution
		HideSolutionNode = FALSE
	EndGlobalSection
EndGlobal
